
Microsoft Visual Studio Solution File, Format Version 12.00
# Visual Studio Version 16
VisualStudioVersion = 16.0.30804.86
MinimumVisualStudioVersion = 10.0.40219.1
Project("{2150E333-8FDC-42A3-9474-1A3956D46DE8}") = "BussinessLogic", "BussinessLogic", "{DCBA573C-6794-4067-9747-87A45D694508}"
EndProject
Project("{2150E333-8FDC-42A3-9474-1A3956D46DE8}") = "DataAccess", "DataAccess", "{5CBE5F00-8832-4059-8124-DBE9D3F526E5}"
EndProject
Project("{2150E333-8FDC-42A3-9474-1A3956D46DE8}") = "Common", "Common", "{454010B7-A45C-4E0D-8B15-8F1205A492F6}"
EndProject
Project("{2150E333-8FDC-42A3-9474-1A3956D46DE8}") = "PresentationLayer", "PresentationLayer", "{647D5638-9F28-43B4-824E-A1D93DA3CC76}"
EndProject
Project("{9A19103F-16F7-4668-BE54-9A1E7A4F7556}") = "Bbs.Models", "Bbs.Models\Bbs.Models.csproj", "{5991AED0-9EE8-467D-8F5D-D0976691210B}"
EndProject
Project("{9A19103F-16F7-4668-BE54-9A1E7A4F7556}") = "Bbs.IDAL", "Bbs.IDAL\Bbs.IDAL.csproj", "{52723E90-1631-49BC-BEB7-7866601EC177}"
EndProject
Project("{9A19103F-16F7-4668-BE54-9A1E7A4F7556}") = "Bbs.MSSQL.DAL", "Bbs.MSSQL.DAL\Bbs.MSSQL.DAL.csproj", "{8BE7F919-43D3-4CF6-8B85-D7D3A2A10E2A}"
EndProject
Project("{9A19103F-16F7-4668-BE54-9A1E7A4F7556}") = "Bbs.Bll", "Bbs.Bll\Bbs.Bll.csproj", "{C12F53C3-1BE8-40BA-87DF-3070E413098E}"
EndProject
Project("{9A19103F-16F7-4668-BE54-9A1E7A4F7556}") = "Asp.NetCore.Mvc", "Asp.NetCore.Mvc\Asp.NetCore.Mvc.csproj", "{6D0DF560-5E69-46AD-8BB2-2B0DEDA0586A}"
EndProject
Project("{FAE04EC0-301F-11D3-BF4B-00C04F79EFBC}") = "Asp.NetCore.Mvc6", "Asp.NetCore.Mvc6\Asp.NetCore.Mvc6.csproj", "{AA23BB0F-897E-4EA9-A7BE-FD99C8EBC6C8}"
EndProject
Global
	GlobalSection(SolutionConfigurationPlatforms) = preSolution
		Debug|Any CPU = Debug|Any CPU
		Release|Any CPU = Release|Any CPU
	EndGlobalSection
	GlobalSection(ProjectConfigurationPlatforms) = postSolution
		{5991AED0-9EE8-467D-8F5D-D0976691210B}.Debug|Any CPU.ActiveCfg = Debug|Any CPU
		{5991AED0-9EE8-467D-8F5D-D0976691210B}.Debug|Any CPU.Build.0 = Debug|Any CPU
		{5991AED0-9EE8-467D-8F5D-D0976691210B}.Release|Any CPU.ActiveCfg = Release|Any CPU
		{5991AED0-9EE8-467D-8F5D-D0976691210B}.Release|Any CPU.Build.0 = Release|Any CPU
		{52723E90-1631-49BC-BEB7-7866601EC177}.Debug|Any CPU.ActiveCfg = Debug|Any CPU
		{52723E90-1631-49BC-BEB7-7866601EC177}.Debug|Any CPU.Build.0 = Debug|Any CPU
		{52723E90-1631-49BC-BEB7-7866601EC177}.Release|Any CPU.ActiveCfg = Release|Any CPU
		{52723E90-1631-49BC-BEB7-7866601EC177}.Release|Any CPU.Build.0 = Release|Any CPU
		{8BE7F919-43D3-4CF6-8B85-D7D3A2A10E2A}.Debug|Any CPU.ActiveCfg = Debug|Any CPU
		{8BE7F919-43D3-4CF6-8B85-D7D3A2A10E2A}.Debug|Any CPU.Build.0 = Debug|Any CPU
		{8BE7F919-43D3-4CF6-8B85-D7D3A2A10E2A}.Release|Any CPU.ActiveCfg = Release|Any CPU
		{8BE7F919-43D3-4CF6-8B85-D7D3A2A10E2A}.Release|Any CPU.Build.0 = Release|Any CPU
		{C12F53C3-1BE8-40BA-87DF-3070E413098E}.Debug|Any CPU.ActiveCfg = Debug|Any CPU
		{C12F53C3-1BE8-40BA-87DF-3070E413098E}.Debug|Any CPU.Build.0 = Debug|Any CPU
		{C12F53C3-1BE8-40BA-87DF-3070E413098E}.Release|Any CPU.ActiveCfg = Release|Any CPU
		{C12F53C3-1BE8-40BA-87DF-3070E413098E}.Release|Any CPU.Build.0 = Release|Any CPU
		{6D0DF560-5E69-46AD-8BB2-2B0DEDA0586A}.Debug|Any CPU.ActiveCfg = Debug|Any CPU
		{6D0DF560-5E69-46AD-8BB2-2B0DEDA0586A}.Debug|Any CPU.Build.0 = Debug|Any CPU
		{6D0DF560-5E69-46AD-8BB2-2B0DEDA0586A}.Release|Any CPU.ActiveCfg = Release|Any CPU
		{6D0DF560-5E69-46AD-8BB2-2B0DEDA0586A}.Release|Any CPU.Build.0 = Release|Any CPU
		{AA23BB0F-897E-4EA9-A7BE-FD99C8EBC6C8}.Debug|Any CPU.ActiveCfg = Debug|Any CPU
		{AA23BB0F-897E-4EA9-A7BE-FD99C8EBC6C8}.Debug|Any CPU.Build.0 = Debug|Any CPU
		{AA23BB0F-897E-4EA9-A7BE-FD99C8EBC6C8}.Release|Any CPU.ActiveCfg = Release|Any CPU
		{AA23BB0F-897E-4EA9-A7BE-FD99C8EBC6C8}.Release|Any CPU.Build.0 = Release|Any CPU
	EndGlobalSection
	GlobalSection(SolutionProperties) = preSolution
		HideSolutionNode = FALSE
	EndGlobalSection
	GlobalSection(NestedProjects) = preSolution
		{5991AED0-9EE8-467D-8F5D-D0976691210B} = {454010B7-A45C-4E0D-8B15-8F1205A492F6}
		{52723E90-1631-49BC-BEB7-7866601EC177} = {5CBE5F00-8832-4059-8124-DBE9D3F526E5}
		{8BE7F919-43D3-4CF6-8B85-D7D3A2A10E2A} = {5CBE5F00-8832-4059-8124-DBE9D3F526E5}
		{C12F53C3-1BE8-40BA-87DF-3070E413098E} = {DCBA573C-6794-4067-9747-87A45D694508}
		{6D0DF560-5E69-46AD-8BB2-2B0DEDA0586A} = {647D5638-9F28-43B4-824E-A1D93DA3CC76}
		{AA23BB0F-897E-4EA9-A7BE-FD99C8EBC6C8} = {647D5638-9F28-43B4-824E-A1D93DA3CC76}
	EndGlobalSection
	GlobalSection(ExtensibilityGlobals) = postSolution
		SolutionGuid = {A64A32E2-81CC-48CD-9477-A39FEEAF2152}
	EndGlobalSection
EndGlobal
